# THIS IS AN AUTOGENERATED FILE. DO NOT EDIT THIS FILE DIRECTLY.
# yarn lockfile v1


"@angular/common@>=14.0.0":
  "integrity" "sha512-vfydeB8urLzhRnZev/1Zm87k9jWlNfhSTk09yUnqvzcORfd3xOkcei0qc1xdIHCTEMyTREC+umsYHDmlEpZsVw=="
  "resolved" "https://registry.npmjs.org/@angular/common/-/common-14.2.7.tgz"
  "version" "14.2.7"
  dependencies:
    "tslib" "^2.3.0"

"@angular/core@>=13.0.0", "@angular/core@>=14.0.0", "@angular/core@14.2.7":
  "integrity" "sha512-9u2eeKS90YPh2b0pK5LKFSxKfLIzHnzkIKQFh6bEPGj43Fl2v8CwiVJu1CAKo1Or4qBY8zspSowM6S1kgGwfeg=="
  "resolved" "https://registry.npmjs.org/@angular/core/-/core-14.2.7.tgz"
  "version" "14.2.7"
  dependencies:
    "tslib" "^2.3.0"

"@ngx-translate/core@>=14.0.0":
  "integrity" "sha512-UevdwNCXMRCdJv//0kC8h2eSfmi02r29xeE8E9gJ1Al4D4jEJ7eiLPdjslTMc21oJNGguqqWeEVjf64SFtvw2w=="
  "resolved" "https://registry.npmjs.org/@ngx-translate/core/-/core-14.0.0.tgz"
  "version" "14.0.0"
  dependencies:
    "tslib" "^2.3.0"

"deepmerge@>=4.2.2":
  "integrity" "sha512-FJ3UgI4gIl+PHZm53knsuSFpE+nESMr7M4v9QcgB7S63Kj/6WqMiFQJpBBYz1Pt+66bZpP3Q7Lye0Oo9MPKEdg=="
  "resolved" "https://registry.npmjs.org/deepmerge/-/deepmerge-4.2.2.tgz"
  "version" "4.2.2"

"rxjs@^6.5.3 || ^7.4.0", "rxjs@7.5.7":
  "integrity" "sha512-z9MzKh/UcOqB3i20H6rtrlaE/CgjLOvheWK/9ILrbhROGTweAi1BaFsTT9FbwZi5Trr1qNRs+MXkhmR06awzQA=="
  "resolved" "https://registry.npmjs.org/rxjs/-/rxjs-7.5.7.tgz"
  "version" "7.5.7"
  dependencies:
    "tslib" "^2.1.0"

"tslib@^2.1.0", "tslib@^2.3.0", "tslib@2.4.0":
  "integrity" "sha512-d6xOpEDfsi2CZVlPQzGeux8XMwLT9hssAsaPYExaQMuYskwb+x1x7J371tWlbBdWHroy99KnVB6qIkUbs5X3UQ=="
  "resolved" "https://registry.npmjs.org/tslib/-/tslib-2.4.0.tgz"
  "version" "2.4.0"

"typescript@4.8.4":
  "integrity" "sha512-QCh+85mCy+h0IGff8r5XWzOVSbBO+KfeYrMQh7NJ58QujwcE22u+NUSmUxqF+un70P9GXKxa2HCNiTTMJknyjQ=="
  "resolved" "https://registry.npmjs.org/typescript/-/typescript-4.8.4.tgz"
  "version" "4.8.4"

"zone.js@~0.11.4":
  "integrity" "sha512-82bctBg2hKcEJ21humWIkXRlLBBmrc3nN7DFh5LGGhcyycO2S7FN8NmdvlcKaGFDNVL4/9kFLmwmInTavdJERA=="
  "resolved" "https://registry.npmjs.org/zone.js/-/zone.js-0.11.8.tgz"
  "version" "0.11.8"
  dependencies:
    "tslib" "^2.3.0"
